
Microsoft Visual Studio Solution File, Format Version 12.00
# Visual Studio Version 16
VisualStudioVersion = 16.0.30104.148
MinimumVisualStudioVersion = 10.0.40219.1
Project("{9A19103F-16F7-4668-BE54-9A1E7A4F7556}") = "ProjectManagementAPI", "ProjectManagementAPI\ProjectManagementAPI.csproj", "{90C76A62-FD26-41D6-B76F-5A3A9EFE87FB}"
EndProject
Global
	GlobalSection(SolutionConfigurationPlatforms) = preSolution
		Debug|Any CPU = Debug|Any CPU
		Release|Any CPU = Release|Any CPU
	EndGlobalSection
	GlobalSection(ProjectConfigurationPlatforms) = postSolution
		{90C76A62-FD26-41D6-B76F-5A3A9EFE87FB}.Debug|Any CPU.ActiveCfg = Debug|Any CPU
		{90C76A62-FD26-41D6-B76F-5A3A9EFE87FB}.Debug|Any CPU.Build.0 = Debug|Any CPU
		{90C76A62-FD26-41D6-B76F-5A3A9EFE87FB}.Release|Any CPU.ActiveCfg = Release|Any CPU
		{90C76A62-FD26-41D6-B76F-5A3A9EFE87FB}.Release|Any CPU.Build.0 = Release|Any CPU
	EndGlobalSection
	GlobalSection(SolutionProperties) = preSolution
		HideSolutionNode = FALSE
	EndGlobalSection
	GlobalSection(ExtensibilityGlobals) = postSolution
		SolutionGuid = {381F39FA-42A1-4E47-B23C-5E0B17B60DFB}
	EndGlobalSection
EndGlobal
